
Microsoft Visual Studio Solution File, Format Version 12.00
# Visual Studio Version 16
VisualStudioVersion = 16.0.28803.156
MinimumVisualStudioVersion = 10.0.40219.1
Project("{FAE04EC0-301F-11D3-BF4B-00C04F79EFBC}") = "WindowsFormsApp1", "WindowsFormsApp1\WindowsFormsApp1.csproj", "{77493ED5-782A-46C1-AA93-ECEDAB7EFBDA}"
EndProject
Global
	GlobalSection(SolutionConfigurationPlatforms) = preSolution
		Debug|Any CPU = Debug|Any CPU
		Release|Any CPU = Release|Any CPU
	EndGlobalSection
	GlobalSection(ProjectConfigurationPlatforms) = postSolution
		{77493ED5-782A-46C1-AA93-ECEDAB7EFBDA}.Debug|Any CPU.ActiveCfg = Debug|Any CPU
		{77493ED5-782A-46C1-AA93-ECEDAB7EFBDA}.Debug|Any CPU.Build.0 = Debug|Any CPU
		{77493ED5-782A-46C1-AA93-ECEDAB7EFBDA}.Release|Any CPU.ActiveCfg = Release|Any CPU
		{77493ED5-782A-46C1-AA93-ECEDAB7EFBDA}.Release|Any CPU.Build.0 = Release|Any CPU
	EndGlobalSection
	GlobalSection(SolutionProperties) = preSolution
		HideSolutionNode = FALSE
	EndGlobalSection
	GlobalSection(ExtensibilityGlobals) = postSolution
		SolutionGuid = {DB2B703C-A46E-4E3A-BED1-3894083B9B3E}
	EndGlobalSection
EndGlobal
